
Microsoft Visual Studio Solution File, Format Version 12.00
# Visual Studio 15
VisualStudioVersion = 15.0.27703.2026
MinimumVisualStudioVersion = 10.0.40219.1
Project("{2150E333-8FDC-42A3-9474-1A3956D46DE8}") = "src", "src", "{D66D35D4-A064-4168-B352-C8F2F5311552}"
EndProject
Project("{FAE04EC0-301F-11D3-BF4B-00C04F79EFBC}") = "TicketGuardian.Net", "src\TicketGuardian.Net\TicketGuardian.Net.csproj", "{BA78D496-FBC4-4C90-BD67-4240E119D1C0}"
EndProject
Global
	GlobalSection(SolutionConfigurationPlatforms) = preSolution
		Debug|Any CPU = Debug|Any CPU
		Release|Any CPU = Release|Any CPU
	EndGlobalSection
	GlobalSection(ProjectConfigurationPlatforms) = postSolution
		{BA78D496-FBC4-4C90-BD67-4240E119D1C0}.Debug|Any CPU.ActiveCfg = Debug|Any CPU
		{BA78D496-FBC4-4C90-BD67-4240E119D1C0}.Debug|Any CPU.Build.0 = Debug|Any CPU
		{BA78D496-FBC4-4C90-BD67-4240E119D1C0}.Release|Any CPU.ActiveCfg = Release|Any CPU
		{BA78D496-FBC4-4C90-BD67-4240E119D1C0}.Release|Any CPU.Build.0 = Release|Any CPU
	EndGlobalSection
	GlobalSection(SolutionProperties) = preSolution
		HideSolutionNode = FALSE
	EndGlobalSection
	GlobalSection(NestedProjects) = preSolution
		{BA78D496-FBC4-4C90-BD67-4240E119D1C0} = {D66D35D4-A064-4168-B352-C8F2F5311552}
	EndGlobalSection
	GlobalSection(ExtensibilityGlobals) = postSolution
		SolutionGuid = {0BED270D-DBF1-4A3C-AA7E-6D39ABC35516}
	EndGlobalSection
EndGlobal
